
Microsoft Visual Studio Solution File, Format Version 12.00
# Visual Studio 15
VisualStudioVersion = 15.0.27703.2035
MinimumVisualStudioVersion = 10.0.40219.1
Project("{FAE04EC0-301F-11D3-BF4B-00C04F79EFBC}") = "XF.Recursos.Android", "XF.Recursos\XF.Recursos.Android\XF.Recursos.Android.csproj", "{5EEB5F5D-69EB-4D2C-BF2E-005F7D355749}"
EndProject
Project("{FAE04EC0-301F-11D3-BF4B-00C04F79EFBC}") = "XF.Recursos.iOS", "XF.Recursos\XF.Recursos.iOS\XF.Recursos.iOS.csproj", "{B1123AF5-789E-48E0-9997-939A58253609}"
EndProject
Project("{FAE04EC0-301F-11D3-BF4B-00C04F79EFBC}") = "XF.Recursos", "XF.Recursos\XF.Recursos\XF.Recursos.csproj", "{8D234B6B-43B4-4C8A-8830-51E1A9B84549}"
EndProject
Global
	GlobalSection(SolutionConfigurationPlatforms) = preSolution
		Ad-Hoc|Any CPU = Ad-Hoc|Any CPU
		Ad-Hoc|iPhone = Ad-Hoc|iPhone
		Ad-Hoc|iPhoneSimulator = Ad-Hoc|iPhoneSimulator
		AppStore|Any CPU = AppStore|Any CPU
		AppStore|iPhone = AppStore|iPhone
		AppStore|iPhoneSimulator = AppStore|iPhoneSimulator
		Debug|Any CPU = Debug|Any CPU
		Debug|iPhone = Debug|iPhone
		Debug|iPhoneSimulator = Debug|iPhoneSimulator
		Release|Any CPU = Release|Any CPU
		Release|iPhone = Release|iPhone
		Release|iPhoneSimulator = Release|iPhoneSimulator
	EndGlobalSection
	GlobalSection(ProjectConfigurationPlatforms) = postSolution
		{5EEB5F5D-69EB-4D2C-BF2E-005F7D355749}.Ad-Hoc|Any CPU.ActiveCfg = Release|Any CPU
		{5EEB5F5D-69EB-4D2C-BF2E-005F7D355749}.Ad-Hoc|Any CPU.Build.0 = Release|Any CPU
		{5EEB5F5D-69EB-4D2C-BF2E-005F7D355749}.Ad-Hoc|Any CPU.Deploy.0 = Release|Any CPU
		{5EEB5F5D-69EB-4D2C-BF2E-005F7D355749}.Ad-Hoc|iPhone.ActiveCfg = Release|Any CPU
		{5EEB5F5D-69EB-4D2C-BF2E-005F7D355749}.Ad-Hoc|iPhone.Build.0 = Release|Any CPU
		{5EEB5F5D-69EB-4D2C-BF2E-005F7D355749}.Ad-Hoc|iPhone.Deploy.0 = Release|Any CPU
		{5EEB5F5D-69EB-4D2C-BF2E-005F7D355749}.Ad-Hoc|iPhoneSimulator.ActiveCfg = Release|Any CPU
		{5EEB5F5D-69EB-4D2C-BF2E-005F7D355749}.Ad-Hoc|iPhoneSimulator.Build.0 = Release|Any CPU
		{5EEB5F5D-69EB-4D2C-BF2E-005F7D355749}.Ad-Hoc|iPhoneSimulator.Deploy.0 = Release|Any CPU
		{5EEB5F5D-69EB-4D2C-BF2E-005F7D355749}.AppStore|Any CPU.ActiveCfg = Release|Any CPU
		{5EEB5F5D-69EB-4D2C-BF2E-005F7D355749}.AppStore|Any CPU.Build.0 = Release|Any CPU
		{5EEB5F5D-69EB-4D2C-BF2E-005F7D355749}.AppStore|Any CPU.Deploy.0 = Release|Any CPU
		{5EEB5F5D-69EB-4D2C-BF2E-005F7D355749}.AppStore|iPhone.ActiveCfg = Release|Any CPU
		{5EEB5F5D-69EB-4D2C-BF2E-005F7D355749}.AppStore|iPhone.Build.0 = Release|Any CPU
		{5EEB5F5D-69EB-4D2C-BF2E-005F7D355749}.AppStore|iPhone.Deploy.0 = Release|Any CPU
		{5EEB5F5D-69EB-4D2C-BF2E-005F7D355749}.AppStore|iPhoneSimulator.ActiveCfg = Release|Any CPU
		{5EEB5F5D-69EB-4D2C-BF2E-005F7D355749}.AppStore|iPhoneSimulator.Build.0 = Release|Any CPU
		{5EEB5F5D-69EB-4D2C-BF2E-005F7D355749}.AppStore|iPhoneSimulator.Deploy.0 = Release|Any CPU
		{5EEB5F5D-69EB-4D2C-BF2E-005F7D355749}.Debug|Any CPU.ActiveCfg = Debug|Any CPU
		{5EEB5F5D-69EB-4D2C-BF2E-005F7D355749}.Debug|Any CPU.Build.0 = Debug|Any CPU
		{5EEB5F5D-69EB-4D2C-BF2E-005F7D355749}.Debug|Any CPU.Deploy.0 = Debug|Any CPU
		{5EEB5F5D-69EB-4D2C-BF2E-005F7D355749}.Debug|iPhone.ActiveCfg = Debug|Any CPU
		{5EEB5F5D-69EB-4D2C-BF2E-005F7D355749}.Debug|iPhone.Build.0 = Debug|Any CPU
		{5EEB5F5D-69EB-4D2C-BF2E-005F7D355749}.Debug|iPhone.Deploy.0 = Debug|Any CPU
		{5EEB5F5D-69EB-4D2C-BF2E-005F7D355749}.Debug|iPhoneSimulator.ActiveCfg = Debug|Any CPU
		{5EEB5F5D-69EB-4D2C-BF2E-005F7D355749}.Debug|iPhoneSimulator.Build.0 = Debug|Any CPU
		{5EEB5F5D-69EB-4D2C-BF2E-005F7D355749}.Debug|iPhoneSimulator.Deploy.0 = Debug|Any CPU
		{5EEB5F5D-69EB-4D2C-BF2E-005F7D355749}.Release|Any CPU.ActiveCfg = Release|Any CPU
		{5EEB5F5D-69EB-4D2C-BF2E-005F7D355749}.Release|Any CPU.Build.0 = Release|Any CPU
		{5EEB5F5D-69EB-4D2C-BF2E-005F7D355749}.Release|Any CPU.Deploy.0 = Release|Any CPU
		{5EEB5F5D-69EB-4D2C-BF2E-005F7D355749}.Release|iPhone.ActiveCfg = Release|Any CPU
		{5EEB5F5D-69EB-4D2C-BF2E-005F7D355749}.Release|iPhone.Build.0 = Release|Any CPU
		{5EEB5F5D-69EB-4D2C-BF2E-005F7D355749}.Release|iPhone.Deploy.0 = Release|Any CPU
		{5EEB5F5D-69EB-4D2C-BF2E-005F7D355749}.Release|iPhoneSimulator.ActiveCfg = Release|Any CPU
		{5EEB5F5D-69EB-4D2C-BF2E-005F7D355749}.Release|iPhoneSimulator.Build.0 = Release|Any CPU
		{5EEB5F5D-69EB-4D2C-BF2E-005F7D355749}.Release|iPhoneSimulator.Deploy.0 = Release|Any CPU
		{B1123AF5-789E-48E0-9997-939A58253609}.Ad-Hoc|Any CPU.ActiveCfg = Ad-Hoc|iPhone
		{B1123AF5-789E-48E0-9997-939A58253609}.Ad-Hoc|Any CPU.Build.0 = Ad-Hoc|iPhone
		{B1123AF5-789E-48E0-9997-939A58253609}.Ad-Hoc|Any CPU.Deploy.0 = Ad-Hoc|iPhone
		{B1123AF5-789E-48E0-9997-939A58253609}.Ad-Hoc|iPhone.ActiveCfg = Ad-Hoc|iPhone
		{B1123AF5-789E-48E0-9997-939A58253609}.Ad-Hoc|iPhone.Build.0 = Ad-Hoc|iPhone
		{B1123AF5-789E-48E0-9997-939A58253609}.Ad-Hoc|iPhone.Deploy.0 = Ad-Hoc|iPhone
		{B1123AF5-789E-48E0-9997-939A58253609}.Ad-Hoc|iPhoneSimulator.ActiveCfg = Ad-Hoc|iPhoneSimulator
		{B1123AF5-789E-48E0-9997-939A58253609}.Ad-Hoc|iPhoneSimulator.Build.0 = Ad-Hoc|iPhoneSimulator
		{B1123AF5-789E-48E0-9997-939A58253609}.Ad-Hoc|iPhoneSimulator.Deploy.0 = Ad-Hoc|iPhoneSimulator
		{B1123AF5-789E-48E0-9997-939A58253609}.AppStore|Any CPU.ActiveCfg = AppStore|iPhone
		{B1123AF5-789E-48E0-9997-939A58253609}.AppStore|Any CPU.Build.0 = AppStore|iPhone
		{B1123AF5-789E-48E0-9997-939A58253609}.AppStore|Any CPU.Deploy.0 = AppStore|iPhone
		{B1123AF5-789E-48E0-9997-939A58253609}.AppStore|iPhone.ActiveCfg = AppStore|iPhone
		{B1123AF5-789E-48E0-9997-939A58253609}.AppStore|iPhone.Build.0 = AppStore|iPhone
		{B1123AF5-789E-48E0-9997-939A58253609}.AppStore|iPhone.Deploy.0 = AppStore|iPhone
		{B1123AF5-789E-48E0-9997-939A58253609}.AppStore|iPhoneSimulator.ActiveCfg = AppStore|iPhoneSimulator
		{B1123AF5-789E-48E0-9997-939A58253609}.AppStore|iPhoneSimulator.Build.0 = AppStore|iPhoneSimulator
		{B1123AF5-789E-48E0-9997-939A58253609}.AppStore|iPhoneSimulator.Deploy.0 = AppStore|iPhoneSimulator
		{B1123AF5-789E-48E0-9997-939A58253609}.Debug|Any CPU.ActiveCfg = Debug|iPhoneSimulator
		{B1123AF5-789E-48E0-9997-939A58253609}.Debug|Any CPU.Build.0 = Debug|iPhoneSimulator
		{B1123AF5-789E-48E0-9997-939A58253609}.Debug|Any CPU.Deploy.0 = Debug|iPhoneSimulator
		{B1123AF5-789E-48E0-9997-939A58253609}.Debug|iPhone.ActiveCfg = Debug|iPhone
		{B1123AF5-789E-48E0-9997-939A58253609}.Debug|iPhone.Build.0 = Debug|iPhone
		{B1123AF5-789E-48E0-9997-939A58253609}.Debug|iPhone.Deploy.0 = Debug|iPhone
		{B1123AF5-789E-48E0-9997-939A58253609}.Debug|iPhoneSimulator.ActiveCfg = Debug|iPhoneSimulator
		{B1123AF5-789E-48E0-9997-939A58253609}.Debug|iPhoneSimulator.Build.0 = Debug|iPhoneSimulator
		{B1123AF5-789E-48E0-9997-939A58253609}.Debug|iPhoneSimulator.Deploy.0 = Debug|iPhoneSimulator
		{B1123AF5-789E-48E0-9997-939A58253609}.Release|Any CPU.ActiveCfg = Release|iPhone
		{B1123AF5-789E-48E0-9997-939A58253609}.Release|Any CPU.Build.0 = Release|iPhone
		{B1123AF5-789E-48E0-9997-939A58253609}.Release|Any CPU.Deploy.0 = Release|iPhone
		{B1123AF5-789E-48E0-9997-939A58253609}.Release|iPhone.ActiveCfg = Release|iPhone
		{B1123AF5-789E-48E0-9997-939A58253609}.Release|iPhone.Build.0 = Release|iPhone
		{B1123AF5-789E-48E0-9997-939A58253609}.Release|iPhone.Deploy.0 = Release|iPhone
		{B1123AF5-789E-48E0-9997-939A58253609}.Release|iPhoneSimulator.ActiveCfg = Release|iPhoneSimulator
		{B1123AF5-789E-48E0-9997-939A58253609}.Release|iPhoneSimulator.Build.0 = Release|iPhoneSimulator
		{B1123AF5-789E-48E0-9997-939A58253609}.Release|iPhoneSimulator.Deploy.0 = Release|iPhoneSimulator
		{8D234B6B-43B4-4C8A-8830-51E1A9B84549}.Ad-Hoc|Any CPU.ActiveCfg = Debug|Any CPU
		{8D234B6B-43B4-4C8A-8830-51E1A9B84549}.Ad-Hoc|Any CPU.Build.0 = Debug|Any CPU
		{8D234B6B-43B4-4C8A-8830-51E1A9B84549}.Ad-Hoc|Any CPU.Deploy.0 = Debug|Any CPU
		{8D234B6B-43B4-4C8A-8830-51E1A9B84549}.Ad-Hoc|iPhone.ActiveCfg = Debug|Any CPU
		{8D234B6B-43B4-4C8A-8830-51E1A9B84549}.Ad-Hoc|iPhone.Build.0 = Debug|Any CPU
		{8D234B6B-43B4-4C8A-8830-51E1A9B84549}.Ad-Hoc|iPhone.Deploy.0 = Debug|Any CPU
		{8D234B6B-43B4-4C8A-8830-51E1A9B84549}.Ad-Hoc|iPhoneSimulator.ActiveCfg = Debug|Any CPU
		{8D234B6B-43B4-4C8A-8830-51E1A9B84549}.Ad-Hoc|iPhoneSimulator.Build.0 = Debug|Any CPU
		{8D234B6B-43B4-4C8A-8830-51E1A9B84549}.Ad-Hoc|iPhoneSimulator.Deploy.0 = Debug|Any CPU
		{8D234B6B-43B4-4C8A-8830-51E1A9B84549}.AppStore|Any CPU.ActiveCfg = Debug|Any CPU
		{8D234B6B-43B4-4C8A-8830-51E1A9B84549}.AppStore|Any CPU.Build.0 = Debug|Any CPU
		{8D234B6B-43B4-4C8A-8830-51E1A9B84549}.AppStore|Any CPU.Deploy.0 = Debug|Any CPU
		{8D234B6B-43B4-4C8A-8830-51E1A9B84549}.AppStore|iPhone.ActiveCfg = Debug|Any CPU
		{8D234B6B-43B4-4C8A-8830-51E1A9B84549}.AppStore|iPhone.Build.0 = Debug|Any CPU
		{8D234B6B-43B4-4C8A-8830-51E1A9B84549}.AppStore|iPhone.Deploy.0 = Debug|Any CPU
		{8D234B6B-43B4-4C8A-8830-51E1A9B84549}.AppStore|iPhoneSimulator.ActiveCfg = Debug|Any CPU
		{8D234B6B-43B4-4C8A-8830-51E1A9B84549}.AppStore|iPhoneSimulator.Build.0 = Debug|Any CPU
		{8D234B6B-43B4-4C8A-8830-51E1A9B84549}.AppStore|iPhoneSimulator.Deploy.0 = Debug|Any CPU
		{8D234B6B-43B4-4C8A-8830-51E1A9B84549}.Debug|Any CPU.ActiveCfg = Debug|Any CPU
		{8D234B6B-43B4-4C8A-8830-51E1A9B84549}.Debug|Any CPU.Build.0 = Debug|Any CPU
		{8D234B6B-43B4-4C8A-8830-51E1A9B84549}.Debug|Any CPU.Deploy.0 = Debug|Any CPU
		{8D234B6B-43B4-4C8A-8830-51E1A9B84549}.Debug|iPhone.ActiveCfg = Debug|Any CPU
		{8D234B6B-43B4-4C8A-8830-51E1A9B84549}.Debug|iPhone.Build.0 = Debug|Any CPU
		{8D234B6B-43B4-4C8A-8830-51E1A9B84549}.Debug|iPhone.Deploy.0 = Debug|Any CPU
		{8D234B6B-43B4-4C8A-8830-51E1A9B84549}.Debug|iPhoneSimulator.ActiveCfg = Debug|Any CPU
		{8D234B6B-43B4-4C8A-8830-51E1A9B84549}.Debug|iPhoneSimulator.Build.0 = Debug|Any CPU
		{8D234B6B-43B4-4C8A-8830-51E1A9B84549}.Debug|iPhoneSimulator.Deploy.0 = Debug|Any CPU
		{8D234B6B-43B4-4C8A-8830-51E1A9B84549}.Release|Any CPU.ActiveCfg = Release|Any CPU
		{8D234B6B-43B4-4C8A-8830-51E1A9B84549}.Release|Any CPU.Build.0 = Release|Any CPU
		{8D234B6B-43B4-4C8A-8830-51E1A9B84549}.Release|Any CPU.Deploy.0 = Release|Any CPU
		{8D234B6B-43B4-4C8A-8830-51E1A9B84549}.Release|iPhone.ActiveCfg = Release|Any CPU
		{8D234B6B-43B4-4C8A-8830-51E1A9B84549}.Release|iPhone.Build.0 = Release|Any CPU
		{8D234B6B-43B4-4C8A-8830-51E1A9B84549}.Release|iPhone.Deploy.0 = Release|Any CPU
		{8D234B6B-43B4-4C8A-8830-51E1A9B84549}.Release|iPhoneSimulator.ActiveCfg = Release|Any CPU
		{8D234B6B-43B4-4C8A-8830-51E1A9B84549}.Release|iPhoneSimulator.Build.0 = Release|Any CPU
		{8D234B6B-43B4-4C8A-8830-51E1A9B84549}.Release|iPhoneSimulator.Deploy.0 = Release|Any CPU
	EndGlobalSection
	GlobalSection(SolutionProperties) = preSolution
		HideSolutionNode = FALSE
	EndGlobalSection
	GlobalSection(ExtensibilityGlobals) = postSolution
		SolutionGuid = {5808703C-271D-4050-B7D9-42DEA1DDCE32}
	EndGlobalSection
EndGlobal
